
Microsoft Visual Studio Solution File, Format Version 12.00
# Visual Studio Version 16
VisualStudioVersion = 16.0.31515.178
MinimumVisualStudioVersion = 10.0.40219.1
Project("{FAE04EC0-301F-11D3-BF4B-00C04F79EFBC}") = "InsertionSort", "InsertionSort\InsertionSort.csproj", "{A67113CC-7C07-462C-BB29-8C6F1D4CB48F}"
EndProject
Global
	GlobalSection(SolutionConfigurationPlatforms) = preSolution
		Debug|Any CPU = Debug|Any CPU
		Release|Any CPU = Release|Any CPU
	EndGlobalSection
	GlobalSection(ProjectConfigurationPlatforms) = postSolution
		{A67113CC-7C07-462C-BB29-8C6F1D4CB48F}.Debug|Any CPU.ActiveCfg = Debug|Any CPU
		{A67113CC-7C07-462C-BB29-8C6F1D4CB48F}.Debug|Any CPU.Build.0 = Debug|Any CPU
		{A67113CC-7C07-462C-BB29-8C6F1D4CB48F}.Release|Any CPU.ActiveCfg = Release|Any CPU
		{A67113CC-7C07-462C-BB29-8C6F1D4CB48F}.Release|Any CPU.Build.0 = Release|Any CPU
	EndGlobalSection
	GlobalSection(SolutionProperties) = preSolution
		HideSolutionNode = FALSE
	EndGlobalSection
	GlobalSection(ExtensibilityGlobals) = postSolution
		SolutionGuid = {D2A19EC2-5FC1-44A4-898A-3C6A2EBAEE68}
	EndGlobalSection
EndGlobal
