
Microsoft Visual Studio Solution File, Format Version 12.00
# Visual Studio Version 16
VisualStudioVersion = 16.0.31515.178
MinimumVisualStudioVersion = 10.0.40219.1
Project("{FAE04EC0-301F-11D3-BF4B-00C04F79EFBC}") = "PrimePalindrome", "PrimePalindrome\PrimePalindrome.csproj", "{C7664207-5968-4154-A15C-3009AF0B7480}"
EndProject
Global
	GlobalSection(SolutionConfigurationPlatforms) = preSolution
		Debug|Any CPU = Debug|Any CPU
		Release|Any CPU = Release|Any CPU
	EndGlobalSection
	GlobalSection(ProjectConfigurationPlatforms) = postSolution
		{C7664207-5968-4154-A15C-3009AF0B7480}.Debug|Any CPU.ActiveCfg = Debug|Any CPU
		{C7664207-5968-4154-A15C-3009AF0B7480}.Debug|Any CPU.Build.0 = Debug|Any CPU
		{C7664207-5968-4154-A15C-3009AF0B7480}.Release|Any CPU.ActiveCfg = Release|Any CPU
		{C7664207-5968-4154-A15C-3009AF0B7480}.Release|Any CPU.Build.0 = Release|Any CPU
	EndGlobalSection
	GlobalSection(SolutionProperties) = preSolution
		HideSolutionNode = FALSE
	EndGlobalSection
	GlobalSection(ExtensibilityGlobals) = postSolution
		SolutionGuid = {EEAAAE9E-AA49-4973-A4A5-FC9524CE89C2}
	EndGlobalSection
EndGlobal
